
Microsoft Visual Studio Solution File, Format Version 12.00
Project("{FAE04EC0-301F-11D3-BF4B-00C04F79EFBC}") = "JWTAuth", "JWTAuth\JWTAuth.csproj", "{F12FBEF0-46F9-4E72-BD2D-F54ECBA1263F}"
EndProject
Global
	GlobalSection(SolutionConfigurationPlatforms) = preSolution
		Debug|Any CPU = Debug|Any CPU
		Release|Any CPU = Release|Any CPU
	EndGlobalSection
	GlobalSection(ProjectConfigurationPlatforms) = postSolution
		{F12FBEF0-46F9-4E72-BD2D-F54ECBA1263F}.Debug|Any CPU.ActiveCfg = Debug|Any CPU
		{F12FBEF0-46F9-4E72-BD2D-F54ECBA1263F}.Debug|Any CPU.Build.0 = Debug|Any CPU
		{F12FBEF0-46F9-4E72-BD2D-F54ECBA1263F}.Release|Any CPU.ActiveCfg = Release|Any CPU
		{F12FBEF0-46F9-4E72-BD2D-F54ECBA1263F}.Release|Any CPU.Build.0 = Release|Any CPU
	EndGlobalSection
EndGlobal
